<?xml version="1.0" encoding="UTF-8" standalone="yes" ?>
<CodeBlocks_project_file>
	<FileVersion major="1" minor="6" />
	<Project>
		<Option title="FSNavwin" />
		<Option pch_mode="2" />
		<Option compiler="msys2-mingw64" />
		<Build>
			<Target title="Release">
				<Option output="bin/Release/FSNavwin" prefix_auto="1" extension_auto="1" />
				<Option working_dir="bin/Release/" />
				<Option object_output="obj/Release/" />
				<Option type="0" />
				<Option compiler="msys2-mingw64" />
				<Compiler>
					<Add option="-march=prescott" />
					<Add option="-Wmissing-include-dirs" />
					<Add option="-std=c++11" />
					<Add option="-Wall" />
					<Add option="-pg" />
					<Add option="-g" />
					<Add option="-mms-bitfields" />
					<Add option="-I$(#fsnav.include)" />
					<Add option="-I$(#fsnav.include64)" />
					<Add option="-I$(#fsnav.include)/freetype2" />
					<Add option="-I$(#fsnav.include)/libpng16" />
					<Add option="-I$(#fsnav.include)/harfbuzz" />
					<Add option="-I$(#fsnav.include)/glib-2.0" />
					<Add option="-I$(#fsnav.lib)/glib-2.0/include" />
					<Add option="-DFREEGLUT_STATIC" />
					<Add option="-DGRAPHITE2_STATIC" />
					<Add directory="image" />
					<Add directory="vmath" />
				</Compiler>
				<Linker>
					<Add option="-pg -lgmon" />
					<Add option="-lfreeglut_static" />
					<Add option="-lglut32" />
					<Add option="-lopengl32" />
					<Add option="-lglu32" />
					<Add option="-lwinmm" />
					<Add option="-lgdi32 -Wl,--subsystem,windows" />
					<Add option="-lfreetype -Wl,-Bstatic" />
					<Add option="-lpng" />
					<Add option="-ljpeg" />
					<Add option="-lz" />
					<Add option="-lm" />
					<Add option="-lgraphite2" />
					<Add option="-lharfbuzz" />
					<Add option="-lfreetype" />
					<Add option="-lbz2" />
					<Add option="-lglib-2.0" />
					<Add directory="$(#fsnav.lib)" />
					<Add directory="$(#fsnav.lib64)" />
				</Linker>
			</Target>
		</Build>
		<Compiler>
			<Add option="-Wall" />
		</Compiler>
		<Unit filename="colorman.cc" />
		<Unit filename="colorman.h" />
		<Unit filename="fsnav.cc">
			<Option weight="70" />
		</Unit>
		<Unit filename="fstree.cc" />
		<Unit filename="fstree.h" />
		<Unit filename="imago/byteorder.c">
			<Option compilerVar="CC" />
		</Unit>
		<Unit filename="imago/byteorder.h" />
		<Unit filename="imago/color_bits.h" />
		<Unit filename="imago/image.c">
			<Option compilerVar="CC" />
		</Unit>
		<Unit filename="imago/image.h" />
		<Unit filename="imago/image_jpg.c">
			<Option compilerVar="CC" />
		</Unit>
		<Unit filename="imago/image_png.c">
			<Option compilerVar="CC" />
		</Unit>
		<Unit filename="imago/image_ppm.c">
			<Option compilerVar="CC" />
		</Unit>
		<Unit filename="imago/image_rgbe.c">
			<Option compilerVar="CC" />
		</Unit>
		<Unit filename="imago/image_tga.c">
			<Option compilerVar="CC" />
		</Unit>
		<Unit filename="imago/int_types.h" />
		<Unit filename="imago/util.c">
			<Option compilerVar="CC" />
		</Unit>
		<Unit filename="imago/util.h" />
		<Unit filename="stereo.c">
			<Option compilerVar="CC" />
		</Unit>
		<Unit filename="stereo.h" />
		<Unit filename="text.c">
			<Option compilerVar="CC" />
		</Unit>
		<Unit filename="text.h" />
		<Unit filename="vis.cc" />
		<Unit filename="vis.h" />
		<Unit filename="vmath/basis.cc" />
		<Unit filename="vmath/basis.h" />
		<Unit filename="vmath/basis_c.c">
			<Option compilerVar="CC" />
		</Unit>
		<Unit filename="vmath/curves.c">
			<Option compilerVar="CC" />
		</Unit>
		<Unit filename="vmath/curves.h" />
		<Unit filename="vmath/matrix.cc" />
		<Unit filename="vmath/matrix.h" />
		<Unit filename="vmath/matrix_c.c">
			<Option compilerVar="CC" />
		</Unit>
		<Unit filename="vmath/quat.cc" />
		<Unit filename="vmath/quat.h" />
		<Unit filename="vmath/quat_c.c">
			<Option compilerVar="CC" />
		</Unit>
		<Unit filename="vmath/ray.cc" />
		<Unit filename="vmath/ray.h" />
		<Unit filename="vmath/ray_c.c">
			<Option compilerVar="CC" />
		</Unit>
		<Unit filename="vmath/sphvec.cc" />
		<Unit filename="vmath/sphvec.h" />
		<Unit filename="vmath/vector.cc" />
		<Unit filename="vmath/vector.h" />
		<Unit filename="vmath/vmath.c">
			<Option compilerVar="CC" />
		</Unit>
		<Unit filename="vmath/vmath.h" />
		<Unit filename="vmath/vmath_config.h" />
		<Unit filename="vmath/vmath_types.h" />
		<Extensions>
			<code_completion />
			<envvars />
			<debugger />
			<lib_finder disable_auto="1" />
			<editor_config active="1" use_tabs="0" tab_indents="1" tab_width="4" indent="4" eol_mode="0" />
		</Extensions>
	</Project>
</CodeBlocks_project_file>
